
Microsoft Visual Studio Solution File, Format Version 12.00
# Visual Studio 15
VisualStudioVersion = 15.0.27703.2042
MinimumVisualStudioVersion = 10.0.40219.1
Project("{FAE04EC0-301F-11D3-BF4B-00C04F79EFBC}") = "Code4Bugs.Utils", "Code4Bugs.Utils\Code4Bugs.Utils.csproj", "{C3CB9E21-A6D4-4BE6-A06D-9D9A3636D5DE}"
EndProject
Project("{FAE04EC0-301F-11D3-BF4B-00C04F79EFBC}") = "Code4Bugs.Utils.WinForms", "Code4Bugs.Utils.WinForms\Code4Bugs.Utils.WinForms.csproj", "{DACC15D8-D0FB-4C27-884C-148AF2C43148}"
EndProject
Project("{FAE04EC0-301F-11D3-BF4B-00C04F79EFBC}") = "Code4Bugs.Utils.DevExpress", "Code4Bugs.Utils.DevExpress\Code4Bugs.Utils.DevExpress.csproj", "{FB4E9900-5774-4FE2-B54F-07844C3C16B7}"
EndProject
Project("{FAE04EC0-301F-11D3-BF4B-00C04F79EFBC}") = "Code4Bugs.Utils.Tests", "Code4Bugs.Utils.Tests\Code4Bugs.Utils.Tests.csproj", "{9DFA960B-23FE-4E87-A1E5-C62D28DED294}"
EndProject
Global
	GlobalSection(SolutionConfigurationPlatforms) = preSolution
		Debug|Any CPU = Debug|Any CPU
		Release|Any CPU = Release|Any CPU
	EndGlobalSection
	GlobalSection(ProjectConfigurationPlatforms) = postSolution
		{C3CB9E21-A6D4-4BE6-A06D-9D9A3636D5DE}.Debug|Any CPU.ActiveCfg = Debug|Any CPU
		{C3CB9E21-A6D4-4BE6-A06D-9D9A3636D5DE}.Debug|Any CPU.Build.0 = Debug|Any CPU
		{C3CB9E21-A6D4-4BE6-A06D-9D9A3636D5DE}.Release|Any CPU.ActiveCfg = Release|Any CPU
		{C3CB9E21-A6D4-4BE6-A06D-9D9A3636D5DE}.Release|Any CPU.Build.0 = Release|Any CPU
		{DACC15D8-D0FB-4C27-884C-148AF2C43148}.Debug|Any CPU.ActiveCfg = Debug|Any CPU
		{DACC15D8-D0FB-4C27-884C-148AF2C43148}.Debug|Any CPU.Build.0 = Debug|Any CPU
		{DACC15D8-D0FB-4C27-884C-148AF2C43148}.Release|Any CPU.ActiveCfg = Release|Any CPU
		{DACC15D8-D0FB-4C27-884C-148AF2C43148}.Release|Any CPU.Build.0 = Release|Any CPU
		{FB4E9900-5774-4FE2-B54F-07844C3C16B7}.Debug|Any CPU.ActiveCfg = Debug|Any CPU
		{FB4E9900-5774-4FE2-B54F-07844C3C16B7}.Debug|Any CPU.Build.0 = Debug|Any CPU
		{FB4E9900-5774-4FE2-B54F-07844C3C16B7}.Release|Any CPU.ActiveCfg = Release|Any CPU
		{FB4E9900-5774-4FE2-B54F-07844C3C16B7}.Release|Any CPU.Build.0 = Release|Any CPU
		{9DFA960B-23FE-4E87-A1E5-C62D28DED294}.Debug|Any CPU.ActiveCfg = Debug|Any CPU
		{9DFA960B-23FE-4E87-A1E5-C62D28DED294}.Debug|Any CPU.Build.0 = Debug|Any CPU
		{9DFA960B-23FE-4E87-A1E5-C62D28DED294}.Release|Any CPU.ActiveCfg = Release|Any CPU
		{9DFA960B-23FE-4E87-A1E5-C62D28DED294}.Release|Any CPU.Build.0 = Release|Any CPU
	EndGlobalSection
	GlobalSection(SolutionProperties) = preSolution
		HideSolutionNode = FALSE
	EndGlobalSection
	GlobalSection(ExtensibilityGlobals) = postSolution
		SolutionGuid = {8C0CDE63-29F2-40F4-8CA8-8D8958B7924A}
	EndGlobalSection
EndGlobal
